# time 0.1.42 -> CVE-2020-26235 / RUSTSEC-2020-0071 (segfault/memory corruption)
# This file is automatically @generated by Cargo.
# It is not intended for manual editing.
version = 3

[[package]]
name = "time"
version = "0.1.42"
source = "registry+https://github.com/rust-lang/crates.io-index"
checksum = "db8dcfca086c1eeaa9a4f3d2c65e1cfb0da88e3a83bf3f7db81a9dc7f8dc2af6"
